
Microsoft Visual Studio Solution File, Format Version 12.00
# Visual Studio Version 17
VisualStudioVersion = 17.4.33403.182
MinimumVisualStudioVersion = 10.0.40219.1
Project("{FAE04EC0-301F-11D3-BF4B-00C04F79EFBC}") = "Degiskenler_Ornek_Sorular", "Degiskenler_Ornek_Sorular\Degiskenler_Ornek_Sorular.csproj", "{5636C4BD-4BF4-4D16-B1EF-CA439B374BB4}"
EndProject
Global
	GlobalSection(SolutionConfigurationPlatforms) = preSolution
		Debug|Any CPU = Debug|Any CPU
		Release|Any CPU = Release|Any CPU
	EndGlobalSection
	GlobalSection(ProjectConfigurationPlatforms) = postSolution
		{5636C4BD-4BF4-4D16-B1EF-CA439B374BB4}.Debug|Any CPU.ActiveCfg = Debug|Any CPU
		{5636C4BD-4BF4-4D16-B1EF-CA439B374BB4}.Debug|Any CPU.Build.0 = Debug|Any CPU
		{5636C4BD-4BF4-4D16-B1EF-CA439B374BB4}.Release|Any CPU.ActiveCfg = Release|Any CPU
		{5636C4BD-4BF4-4D16-B1EF-CA439B374BB4}.Release|Any CPU.Build.0 = Release|Any CPU
	EndGlobalSection
	GlobalSection(SolutionProperties) = preSolution
		HideSolutionNode = FALSE
	EndGlobalSection
	GlobalSection(ExtensibilityGlobals) = postSolution
		SolutionGuid = {D03DD147-DDDC-4F02-BFBE-09B8F7340CC8}
	EndGlobalSection
EndGlobal
